
Microsoft Visual Studio Solution File, Format Version 10.00
# Visual Studio 2008
Project("{FAE04EC0-301F-11D3-BF4B-00C04F79EFBC}") = "CreateObjects", "CreateObjects\CreateObjects.csproj", "{D0CEA807-AD7D-40AD-A450-AC80AF2F11CD}"
EndProject
Project("{2150E333-8FDC-42A3-9474-1A3956D46DE8}") = "lib", "lib", "{EA3CEAB6-CE17-47EC-BAC8-05C728896AFD}"
	ProjectSection(SolutionItems) = preProject
		lib\Common.Logging.dll = lib\Common.Logging.dll
		lib\Spring.Core.dll = lib\Spring.Core.dll
	EndProjectSection
EndProject
Global
	GlobalSection(SolutionConfigurationPlatforms) = preSolution
		Debug|Any CPU = Debug|Any CPU
		Release|Any CPU = Release|Any CPU
	EndGlobalSection
	GlobalSection(ProjectConfigurationPlatforms) = postSolution
		{D0CEA807-AD7D-40AD-A450-AC80AF2F11CD}.Debug|Any CPU.ActiveCfg = Debug|Any CPU
		{D0CEA807-AD7D-40AD-A450-AC80AF2F11CD}.Debug|Any CPU.Build.0 = Debug|Any CPU
		{D0CEA807-AD7D-40AD-A450-AC80AF2F11CD}.Release|Any CPU.ActiveCfg = Release|Any CPU
		{D0CEA807-AD7D-40AD-A450-AC80AF2F11CD}.Release|Any CPU.Build.0 = Release|Any CPU
	EndGlobalSection
	GlobalSection(SolutionProperties) = preSolution
		HideSolutionNode = FALSE
	EndGlobalSection
EndGlobal
