
Microsoft Visual Studio Solution File, Format Version 11.00
# Visual Studio 2010
Project("{FAE04EC0-301F-11D3-BF4B-00C04F79EFBC}") = "YS.SpringNET.Model", "YS.SpringNET.Model\YS.SpringNET.Model.csproj", "{F9CDCBA9-F7A1-4769-9414-5A45E13D6EA5}"
EndProject
Project("{FAE04EC0-301F-11D3-BF4B-00C04F79EFBC}") = "YS.SpringNET.IService", "YS.SpringNET.IService\YS.SpringNET.IService.csproj", "{89B09F46-9A46-4A5B-B0FA-CFE734F28934}"
EndProject
Project("{FAE04EC0-301F-11D3-BF4B-00C04F79EFBC}") = "YS.SpringNET.Service", "YS.SpringNET.Service\YS.SpringNET.Service.csproj", "{9699BA6E-A7A3-4770-8974-9909779CBF86}"
EndProject
Project("{FAE04EC0-301F-11D3-BF4B-00C04F79EFBC}") = "YS.SpringNET.Test", "YS.SpringNET.Test\YS.SpringNET.Test.csproj", "{8B637FDE-808F-41B5-AE67-D858E491E3B1}"
EndProject
Global
	GlobalSection(SolutionConfigurationPlatforms) = preSolution
		Debug|Any CPU = Debug|Any CPU
		Debug|Mixed Platforms = Debug|Mixed Platforms
		Debug|x86 = Debug|x86
		Release|Any CPU = Release|Any CPU
		Release|Mixed Platforms = Release|Mixed Platforms
		Release|x86 = Release|x86
	EndGlobalSection
	GlobalSection(ProjectConfigurationPlatforms) = postSolution
		{F9CDCBA9-F7A1-4769-9414-5A45E13D6EA5}.Debug|Any CPU.ActiveCfg = Debug|Any CPU
		{F9CDCBA9-F7A1-4769-9414-5A45E13D6EA5}.Debug|Any CPU.Build.0 = Debug|Any CPU
		{F9CDCBA9-F7A1-4769-9414-5A45E13D6EA5}.Debug|Mixed Platforms.ActiveCfg = Debug|Any CPU
		{F9CDCBA9-F7A1-4769-9414-5A45E13D6EA5}.Debug|Mixed Platforms.Build.0 = Debug|Any CPU
		{F9CDCBA9-F7A1-4769-9414-5A45E13D6EA5}.Debug|x86.ActiveCfg = Debug|Any CPU
		{F9CDCBA9-F7A1-4769-9414-5A45E13D6EA5}.Release|Any CPU.ActiveCfg = Release|Any CPU
		{F9CDCBA9-F7A1-4769-9414-5A45E13D6EA5}.Release|Any CPU.Build.0 = Release|Any CPU
		{F9CDCBA9-F7A1-4769-9414-5A45E13D6EA5}.Release|Mixed Platforms.ActiveCfg = Release|Any CPU
		{F9CDCBA9-F7A1-4769-9414-5A45E13D6EA5}.Release|Mixed Platforms.Build.0 = Release|Any CPU
		{F9CDCBA9-F7A1-4769-9414-5A45E13D6EA5}.Release|x86.ActiveCfg = Release|Any CPU
		{89B09F46-9A46-4A5B-B0FA-CFE734F28934}.Debug|Any CPU.ActiveCfg = Debug|Any CPU
		{89B09F46-9A46-4A5B-B0FA-CFE734F28934}.Debug|Any CPU.Build.0 = Debug|Any CPU
		{89B09F46-9A46-4A5B-B0FA-CFE734F28934}.Debug|Mixed Platforms.ActiveCfg = Debug|Any CPU
		{89B09F46-9A46-4A5B-B0FA-CFE734F28934}.Debug|Mixed Platforms.Build.0 = Debug|Any CPU
		{89B09F46-9A46-4A5B-B0FA-CFE734F28934}.Debug|x86.ActiveCfg = Debug|Any CPU
		{89B09F46-9A46-4A5B-B0FA-CFE734F28934}.Release|Any CPU.ActiveCfg = Release|Any CPU
		{89B09F46-9A46-4A5B-B0FA-CFE734F28934}.Release|Any CPU.Build.0 = Release|Any CPU
		{89B09F46-9A46-4A5B-B0FA-CFE734F28934}.Release|Mixed Platforms.ActiveCfg = Release|Any CPU
		{89B09F46-9A46-4A5B-B0FA-CFE734F28934}.Release|Mixed Platforms.Build.0 = Release|Any CPU
		{89B09F46-9A46-4A5B-B0FA-CFE734F28934}.Release|x86.ActiveCfg = Release|Any CPU
		{9699BA6E-A7A3-4770-8974-9909779CBF86}.Debug|Any CPU.ActiveCfg = Debug|Any CPU
		{9699BA6E-A7A3-4770-8974-9909779CBF86}.Debug|Any CPU.Build.0 = Debug|Any CPU
		{9699BA6E-A7A3-4770-8974-9909779CBF86}.Debug|Mixed Platforms.ActiveCfg = Debug|Any CPU
		{9699BA6E-A7A3-4770-8974-9909779CBF86}.Debug|Mixed Platforms.Build.0 = Debug|Any CPU
		{9699BA6E-A7A3-4770-8974-9909779CBF86}.Debug|x86.ActiveCfg = Debug|Any CPU
		{9699BA6E-A7A3-4770-8974-9909779CBF86}.Release|Any CPU.ActiveCfg = Release|Any CPU
		{9699BA6E-A7A3-4770-8974-9909779CBF86}.Release|Any CPU.Build.0 = Release|Any CPU
		{9699BA6E-A7A3-4770-8974-9909779CBF86}.Release|Mixed Platforms.ActiveCfg = Release|Any CPU
		{9699BA6E-A7A3-4770-8974-9909779CBF86}.Release|Mixed Platforms.Build.0 = Release|Any CPU
		{9699BA6E-A7A3-4770-8974-9909779CBF86}.Release|x86.ActiveCfg = Release|Any CPU
		{8B637FDE-808F-41B5-AE67-D858E491E3B1}.Debug|Any CPU.ActiveCfg = Debug|x86
		{8B637FDE-808F-41B5-AE67-D858E491E3B1}.Debug|Mixed Platforms.ActiveCfg = Debug|x86
		{8B637FDE-808F-41B5-AE67-D858E491E3B1}.Debug|Mixed Platforms.Build.0 = Debug|x86
		{8B637FDE-808F-41B5-AE67-D858E491E3B1}.Debug|x86.ActiveCfg = Debug|x86
		{8B637FDE-808F-41B5-AE67-D858E491E3B1}.Debug|x86.Build.0 = Debug|x86
		{8B637FDE-808F-41B5-AE67-D858E491E3B1}.Release|Any CPU.ActiveCfg = Release|x86
		{8B637FDE-808F-41B5-AE67-D858E491E3B1}.Release|Mixed Platforms.ActiveCfg = Release|x86
		{8B637FDE-808F-41B5-AE67-D858E491E3B1}.Release|Mixed Platforms.Build.0 = Release|x86
		{8B637FDE-808F-41B5-AE67-D858E491E3B1}.Release|x86.ActiveCfg = Release|x86
		{8B637FDE-808F-41B5-AE67-D858E491E3B1}.Release|x86.Build.0 = Release|x86
	EndGlobalSection
	GlobalSection(SolutionProperties) = preSolution
		HideSolutionNode = FALSE
	EndGlobalSection
EndGlobal
